
Microsoft Visual Studio Solution File, Format Version 12.00
# Visual Studio 2013
VisualStudioVersion = 12.0.31101.0
MinimumVisualStudioVersion = 10.0.40219.1
Project("{FAE04EC0-301F-11D3-BF4B-00C04F79EFBC}") = "TwitterCards.Frontend", "TwitterCards\TwitterCards.Frontend.csproj", "{E1531F06-9803-4F04-8204-15B11905C6B8}"
EndProject
Project("{FAE04EC0-301F-11D3-BF4B-00C04F79EFBC}") = "TwitterCards.Core", "TwitterCards.Core\TwitterCards.Core.csproj", "{49824D95-A26F-44AC-A067-C5B6B525C1DA}"
EndProject
Global
	GlobalSection(SolutionConfigurationPlatforms) = preSolution
		Debug|Any CPU = Debug|Any CPU
		Release|Any CPU = Release|Any CPU
	EndGlobalSection
	GlobalSection(ProjectConfigurationPlatforms) = postSolution
		{E1531F06-9803-4F04-8204-15B11905C6B8}.Debug|Any CPU.ActiveCfg = Debug|Any CPU
		{E1531F06-9803-4F04-8204-15B11905C6B8}.Debug|Any CPU.Build.0 = Debug|Any CPU
		{E1531F06-9803-4F04-8204-15B11905C6B8}.Release|Any CPU.ActiveCfg = Release|Any CPU
		{E1531F06-9803-4F04-8204-15B11905C6B8}.Release|Any CPU.Build.0 = Release|Any CPU
		{49824D95-A26F-44AC-A067-C5B6B525C1DA}.Debug|Any CPU.ActiveCfg = Debug|Any CPU
		{49824D95-A26F-44AC-A067-C5B6B525C1DA}.Debug|Any CPU.Build.0 = Debug|Any CPU
		{49824D95-A26F-44AC-A067-C5B6B525C1DA}.Release|Any CPU.ActiveCfg = Release|Any CPU
		{49824D95-A26F-44AC-A067-C5B6B525C1DA}.Release|Any CPU.Build.0 = Release|Any CPU
	EndGlobalSection
	GlobalSection(SolutionProperties) = preSolution
		HideSolutionNode = FALSE
	EndGlobalSection
	GlobalSection(ExtensibilityGlobals) = postSolution
		EnterpriseLibraryConfigurationToolBinariesPathV6 = packages\EnterpriseLibrary.Common.6.0.1304.0\lib\NET45
	EndGlobalSection
EndGlobal
